
Microsoft Visual Studio Solution File, Format Version 11.00
# Visual Studio 2010
Project("{FAE04EC0-301F-11D3-BF4B-00C04F79EFBC}") = "Asiana.Catalog.UI", "Asiana.Catalog.UI\Asiana.Catalog.UI.csproj", "{20EF8BDB-DB25-4D85-8F6F-72B67CB454EE}"
EndProject
Project("{FAE04EC0-301F-11D3-BF4B-00C04F79EFBC}") = "Asiana.UI", "Asiana.UI\Asiana.UI.csproj", "{7EF42118-8432-4227-8826-879D4241F45A}"
EndProject
Project("{FAE04EC0-301F-11D3-BF4B-00C04F79EFBC}") = "Asiana.Catalog.Schema", "Asiana.Catalog.Schema.Types\Asiana.Catalog.Schema.csproj", "{12100F88-A758-4DEA-BBB1-24A776B81CC8}"
EndProject
Project("{FAE04EC0-301F-11D3-BF4B-00C04F79EFBC}") = "Asiana.Catalog.Search.Solr.Client", "Asiana.Catalog.Search.Solr.Client\Asiana.Catalog.Search.Solr.Client.csproj", "{CA55E48A-A3BA-4E64-A197-15D26C920B7B}"
EndProject
Project("{FAE04EC0-301F-11D3-BF4B-00C04F79EFBC}") = "Asiana.Catalog.Search.Solr.Client.Tests", "Asiana.Catalog.Search.Solr.Client.Tests\Asiana.Catalog.Search.Solr.Client.Tests.csproj", "{03DE2E11-264E-485E-89B9-909A7E6A2429}"
EndProject
Project("{2150E333-8FDC-42A3-9474-1A3956D46DE8}") = "Solution Items", "Solution Items", "{D9B6F0A3-AA9A-46CF-8E2B-364AE0CF1DEC}"
	ProjectSection(SolutionItems) = preProject
		Asiana.vsmdi = Asiana.vsmdi
		Local.testsettings = Local.testsettings
		TraceAndTestImpact.testsettings = TraceAndTestImpact.testsettings
	EndProjectSection
EndProject
Project("{FAE04EC0-301F-11D3-BF4B-00C04F79EFBC}") = "Asiana.Shopping.Services", "Asiana.Shopping.Services.Basket\Asiana.Shopping.Services.csproj", "{63D4C64D-6D26-406B-97E8-1D74DACA7945}"
EndProject
Project("{FAE04EC0-301F-11D3-BF4B-00C04F79EFBC}") = "Asiana.Profile.Services", "Asiana.Profile.Services\Asiana.Profile.Services.csproj", "{6223AC7A-D150-406A-B3DE-9E9585F92545}"
EndProject
Project("{FAE04EC0-301F-11D3-BF4B-00C04F79EFBC}") = "Asiana.Shopping.Payments.Paypal", "Asiana.Shopping.Payments.Paypal\Asiana.Shopping.Payments.Paypal.csproj", "{0A11B4DC-4426-4DE5-B5CA-F7F24B199DFA}"
EndProject
Project("{FAE04EC0-301F-11D3-BF4B-00C04F79EFBC}") = "Asiana.Site.Services", "Asiana.Site.Services\Asiana.Site.Services.csproj", "{B23D6CDC-CB20-4691-B1C0-C6562EE35402}"
EndProject
Project("{FAE04EC0-301F-11D3-BF4B-00C04F79EFBC}") = "Asiana.Common.Localisation", "Asiana.Common.Localisation\Asiana.Common.Localisation.csproj", "{69C91E19-0C1E-44BE-BA8A-D34582173F9C}"
EndProject
Project("{FAE04EC0-301F-11D3-BF4B-00C04F79EFBC}") = "Asiana.UI.Extensions", "Asiana.UI.Extensions\Asiana.UI.Extensions.csproj", "{3A7EC060-E48F-4E01-9546-F09FA3C27E9C}"
EndProject
Project("{FAE04EC0-301F-11D3-BF4B-00C04F79EFBC}") = "Asiana.Merchandising", "Asiana.Merchandising\Asiana.Merchandising.csproj", "{B5785749-D0E0-4766-B612-FDC26EE495C2}"
EndProject
Project("{FAE04EC0-301F-11D3-BF4B-00C04F79EFBC}") = "Asiana.Merchandising.Tests", "Asiana.Merchandising.Tests\Asiana.Merchandising.Tests.csproj", "{3D5CEE16-3A85-44C8-890A-E5FA9AE117F6}"
EndProject
Project("{FAE04EC0-301F-11D3-BF4B-00C04F79EFBC}") = "Asiana.Mvc", "Asiana.Mvc\Asiana.Mvc.csproj", "{6B9434BE-19B7-48C2-B8CA-2711C56D71E9}"
EndProject
Project("{FAE04EC0-301F-11D3-BF4B-00C04F79EFBC}") = "Asiana.Localisation", "Asiana.Localisation\Asiana.Localisation.csproj", "{2BD6B082-E293-461F-A1A8-C37FFE822C21}"
EndProject
Global
	GlobalSection(SubversionScc) = preSolution
		Svn-Managed = True
		Manager = AnkhSVN - Subversion Support for Visual Studio
	EndGlobalSection
	GlobalSection(TestCaseManagementSettings) = postSolution
		CategoryFile = Asiana.vsmdi
	EndGlobalSection
	GlobalSection(SolutionConfigurationPlatforms) = preSolution
		Debug|Any CPU = Debug|Any CPU
		Debug|Mixed Platforms = Debug|Mixed Platforms
		Debug|x86 = Debug|x86
		Live|Any CPU = Live|Any CPU
		Live|Mixed Platforms = Live|Mixed Platforms
		Live|x86 = Live|x86
		Release|Any CPU = Release|Any CPU
		Release|Mixed Platforms = Release|Mixed Platforms
		Release|x86 = Release|x86
	EndGlobalSection
	GlobalSection(ProjectConfigurationPlatforms) = postSolution
		{20EF8BDB-DB25-4D85-8F6F-72B67CB454EE}.Debug|Any CPU.ActiveCfg = Debug|Any CPU
		{20EF8BDB-DB25-4D85-8F6F-72B67CB454EE}.Debug|Any CPU.Build.0 = Debug|Any CPU
		{20EF8BDB-DB25-4D85-8F6F-72B67CB454EE}.Debug|Mixed Platforms.ActiveCfg = Debug|Any CPU
		{20EF8BDB-DB25-4D85-8F6F-72B67CB454EE}.Debug|Mixed Platforms.Build.0 = Debug|Any CPU
		{20EF8BDB-DB25-4D85-8F6F-72B67CB454EE}.Debug|x86.ActiveCfg = Debug|Any CPU
		{20EF8BDB-DB25-4D85-8F6F-72B67CB454EE}.Live|Any CPU.ActiveCfg = Live|Any CPU
		{20EF8BDB-DB25-4D85-8F6F-72B67CB454EE}.Live|Any CPU.Build.0 = Live|Any CPU
		{20EF8BDB-DB25-4D85-8F6F-72B67CB454EE}.Live|Mixed Platforms.ActiveCfg = Live|Any CPU
		{20EF8BDB-DB25-4D85-8F6F-72B67CB454EE}.Live|Mixed Platforms.Build.0 = Live|Any CPU
		{20EF8BDB-DB25-4D85-8F6F-72B67CB454EE}.Live|x86.ActiveCfg = Live|Any CPU
		{20EF8BDB-DB25-4D85-8F6F-72B67CB454EE}.Release|Any CPU.ActiveCfg = Release|Any CPU
		{20EF8BDB-DB25-4D85-8F6F-72B67CB454EE}.Release|Any CPU.Build.0 = Release|Any CPU
		{20EF8BDB-DB25-4D85-8F6F-72B67CB454EE}.Release|Mixed Platforms.ActiveCfg = Release|Any CPU
		{20EF8BDB-DB25-4D85-8F6F-72B67CB454EE}.Release|Mixed Platforms.Build.0 = Release|Any CPU
		{20EF8BDB-DB25-4D85-8F6F-72B67CB454EE}.Release|x86.ActiveCfg = Release|Any CPU
		{7EF42118-8432-4227-8826-879D4241F45A}.Debug|Any CPU.ActiveCfg = Debug|Any CPU
		{7EF42118-8432-4227-8826-879D4241F45A}.Debug|Any CPU.Build.0 = Debug|Any CPU
		{7EF42118-8432-4227-8826-879D4241F45A}.Debug|Mixed Platforms.ActiveCfg = Debug|Any CPU
		{7EF42118-8432-4227-8826-879D4241F45A}.Debug|Mixed Platforms.Build.0 = Debug|Any CPU
		{7EF42118-8432-4227-8826-879D4241F45A}.Debug|x86.ActiveCfg = Debug|Any CPU
		{7EF42118-8432-4227-8826-879D4241F45A}.Live|Any CPU.ActiveCfg = Live|Any CPU
		{7EF42118-8432-4227-8826-879D4241F45A}.Live|Any CPU.Build.0 = Live|Any CPU
		{7EF42118-8432-4227-8826-879D4241F45A}.Live|Mixed Platforms.ActiveCfg = Live|Any CPU
		{7EF42118-8432-4227-8826-879D4241F45A}.Live|Mixed Platforms.Build.0 = Live|Any CPU
		{7EF42118-8432-4227-8826-879D4241F45A}.Live|x86.ActiveCfg = Live|Any CPU
		{7EF42118-8432-4227-8826-879D4241F45A}.Release|Any CPU.ActiveCfg = Release|Any CPU
		{7EF42118-8432-4227-8826-879D4241F45A}.Release|Any CPU.Build.0 = Release|Any CPU
		{7EF42118-8432-4227-8826-879D4241F45A}.Release|Mixed Platforms.ActiveCfg = Release|Any CPU
		{7EF42118-8432-4227-8826-879D4241F45A}.Release|Mixed Platforms.Build.0 = Release|Any CPU
		{7EF42118-8432-4227-8826-879D4241F45A}.Release|x86.ActiveCfg = Release|Any CPU
		{12100F88-A758-4DEA-BBB1-24A776B81CC8}.Debug|Any CPU.ActiveCfg = Debug|Any CPU
		{12100F88-A758-4DEA-BBB1-24A776B81CC8}.Debug|Any CPU.Build.0 = Debug|Any CPU
		{12100F88-A758-4DEA-BBB1-24A776B81CC8}.Debug|Mixed Platforms.ActiveCfg = Debug|Any CPU
		{12100F88-A758-4DEA-BBB1-24A776B81CC8}.Debug|Mixed Platforms.Build.0 = Debug|Any CPU
		{12100F88-A758-4DEA-BBB1-24A776B81CC8}.Debug|x86.ActiveCfg = Debug|Any CPU
		{12100F88-A758-4DEA-BBB1-24A776B81CC8}.Live|Any CPU.ActiveCfg = Live|Any CPU
		{12100F88-A758-4DEA-BBB1-24A776B81CC8}.Live|Any CPU.Build.0 = Live|Any CPU
		{12100F88-A758-4DEA-BBB1-24A776B81CC8}.Live|Mixed Platforms.ActiveCfg = Live|Any CPU
		{12100F88-A758-4DEA-BBB1-24A776B81CC8}.Live|Mixed Platforms.Build.0 = Live|Any CPU
		{12100F88-A758-4DEA-BBB1-24A776B81CC8}.Live|x86.ActiveCfg = Live|Any CPU
		{12100F88-A758-4DEA-BBB1-24A776B81CC8}.Release|Any CPU.ActiveCfg = Release|Any CPU
		{12100F88-A758-4DEA-BBB1-24A776B81CC8}.Release|Any CPU.Build.0 = Release|Any CPU
		{12100F88-A758-4DEA-BBB1-24A776B81CC8}.Release|Mixed Platforms.ActiveCfg = Release|Any CPU
		{12100F88-A758-4DEA-BBB1-24A776B81CC8}.Release|Mixed Platforms.Build.0 = Release|Any CPU
		{12100F88-A758-4DEA-BBB1-24A776B81CC8}.Release|x86.ActiveCfg = Release|Any CPU
		{CA55E48A-A3BA-4E64-A197-15D26C920B7B}.Debug|Any CPU.ActiveCfg = Debug|Any CPU
		{CA55E48A-A3BA-4E64-A197-15D26C920B7B}.Debug|Any CPU.Build.0 = Debug|Any CPU
		{CA55E48A-A3BA-4E64-A197-15D26C920B7B}.Debug|Mixed Platforms.ActiveCfg = Debug|Any CPU
		{CA55E48A-A3BA-4E64-A197-15D26C920B7B}.Debug|Mixed Platforms.Build.0 = Debug|Any CPU
		{CA55E48A-A3BA-4E64-A197-15D26C920B7B}.Debug|x86.ActiveCfg = Debug|Any CPU
		{CA55E48A-A3BA-4E64-A197-15D26C920B7B}.Live|Any CPU.ActiveCfg = Live|Any CPU
		{CA55E48A-A3BA-4E64-A197-15D26C920B7B}.Live|Any CPU.Build.0 = Live|Any CPU
		{CA55E48A-A3BA-4E64-A197-15D26C920B7B}.Live|Mixed Platforms.ActiveCfg = Live|Any CPU
		{CA55E48A-A3BA-4E64-A197-15D26C920B7B}.Live|Mixed Platforms.Build.0 = Live|Any CPU
		{CA55E48A-A3BA-4E64-A197-15D26C920B7B}.Live|x86.ActiveCfg = Live|Any CPU
		{CA55E48A-A3BA-4E64-A197-15D26C920B7B}.Release|Any CPU.ActiveCfg = Release|Any CPU
		{CA55E48A-A3BA-4E64-A197-15D26C920B7B}.Release|Any CPU.Build.0 = Release|Any CPU
		{CA55E48A-A3BA-4E64-A197-15D26C920B7B}.Release|Mixed Platforms.ActiveCfg = Release|Any CPU
		{CA55E48A-A3BA-4E64-A197-15D26C920B7B}.Release|Mixed Platforms.Build.0 = Release|Any CPU
		{CA55E48A-A3BA-4E64-A197-15D26C920B7B}.Release|x86.ActiveCfg = Release|Any CPU
		{03DE2E11-264E-485E-89B9-909A7E6A2429}.Debug|Any CPU.ActiveCfg = Debug|Any CPU
		{03DE2E11-264E-485E-89B9-909A7E6A2429}.Debug|Any CPU.Build.0 = Debug|Any CPU
		{03DE2E11-264E-485E-89B9-909A7E6A2429}.Debug|Mixed Platforms.ActiveCfg = Debug|Any CPU
		{03DE2E11-264E-485E-89B9-909A7E6A2429}.Debug|Mixed Platforms.Build.0 = Debug|Any CPU
		{03DE2E11-264E-485E-89B9-909A7E6A2429}.Debug|x86.ActiveCfg = Debug|Any CPU
		{03DE2E11-264E-485E-89B9-909A7E6A2429}.Live|Any CPU.ActiveCfg = Live|Any CPU
		{03DE2E11-264E-485E-89B9-909A7E6A2429}.Live|Any CPU.Build.0 = Live|Any CPU
		{03DE2E11-264E-485E-89B9-909A7E6A2429}.Live|Mixed Platforms.ActiveCfg = Live|Any CPU
		{03DE2E11-264E-485E-89B9-909A7E6A2429}.Live|Mixed Platforms.Build.0 = Live|Any CPU
		{03DE2E11-264E-485E-89B9-909A7E6A2429}.Live|x86.ActiveCfg = Live|Any CPU
		{03DE2E11-264E-485E-89B9-909A7E6A2429}.Release|Any CPU.ActiveCfg = Release|Any CPU
		{03DE2E11-264E-485E-89B9-909A7E6A2429}.Release|Any CPU.Build.0 = Release|Any CPU
		{03DE2E11-264E-485E-89B9-909A7E6A2429}.Release|Mixed Platforms.ActiveCfg = Release|Any CPU
		{03DE2E11-264E-485E-89B9-909A7E6A2429}.Release|Mixed Platforms.Build.0 = Release|Any CPU
		{03DE2E11-264E-485E-89B9-909A7E6A2429}.Release|x86.ActiveCfg = Release|Any CPU
		{63D4C64D-6D26-406B-97E8-1D74DACA7945}.Debug|Any CPU.ActiveCfg = Debug|Any CPU
		{63D4C64D-6D26-406B-97E8-1D74DACA7945}.Debug|Any CPU.Build.0 = Debug|Any CPU
		{63D4C64D-6D26-406B-97E8-1D74DACA7945}.Debug|Mixed Platforms.ActiveCfg = Debug|Any CPU
		{63D4C64D-6D26-406B-97E8-1D74DACA7945}.Debug|Mixed Platforms.Build.0 = Debug|Any CPU
		{63D4C64D-6D26-406B-97E8-1D74DACA7945}.Debug|x86.ActiveCfg = Debug|Any CPU
		{63D4C64D-6D26-406B-97E8-1D74DACA7945}.Live|Any CPU.ActiveCfg = Live|Any CPU
		{63D4C64D-6D26-406B-97E8-1D74DACA7945}.Live|Any CPU.Build.0 = Live|Any CPU
		{63D4C64D-6D26-406B-97E8-1D74DACA7945}.Live|Mixed Platforms.ActiveCfg = Live|Any CPU
		{63D4C64D-6D26-406B-97E8-1D74DACA7945}.Live|Mixed Platforms.Build.0 = Live|Any CPU
		{63D4C64D-6D26-406B-97E8-1D74DACA7945}.Live|x86.ActiveCfg = Live|Any CPU
		{63D4C64D-6D26-406B-97E8-1D74DACA7945}.Release|Any CPU.ActiveCfg = Release|Any CPU
		{63D4C64D-6D26-406B-97E8-1D74DACA7945}.Release|Any CPU.Build.0 = Release|Any CPU
		{63D4C64D-6D26-406B-97E8-1D74DACA7945}.Release|Mixed Platforms.ActiveCfg = Release|Any CPU
		{63D4C64D-6D26-406B-97E8-1D74DACA7945}.Release|Mixed Platforms.Build.0 = Release|Any CPU
		{63D4C64D-6D26-406B-97E8-1D74DACA7945}.Release|x86.ActiveCfg = Release|Any CPU
		{6223AC7A-D150-406A-B3DE-9E9585F92545}.Debug|Any CPU.ActiveCfg = Debug|Any CPU
		{6223AC7A-D150-406A-B3DE-9E9585F92545}.Debug|Any CPU.Build.0 = Debug|Any CPU
		{6223AC7A-D150-406A-B3DE-9E9585F92545}.Debug|Mixed Platforms.ActiveCfg = Debug|Any CPU
		{6223AC7A-D150-406A-B3DE-9E9585F92545}.Debug|Mixed Platforms.Build.0 = Debug|Any CPU
		{6223AC7A-D150-406A-B3DE-9E9585F92545}.Debug|x86.ActiveCfg = Debug|Any CPU
		{6223AC7A-D150-406A-B3DE-9E9585F92545}.Live|Any CPU.ActiveCfg = Live|Any CPU
		{6223AC7A-D150-406A-B3DE-9E9585F92545}.Live|Any CPU.Build.0 = Live|Any CPU
		{6223AC7A-D150-406A-B3DE-9E9585F92545}.Live|Mixed Platforms.ActiveCfg = Live|Any CPU
		{6223AC7A-D150-406A-B3DE-9E9585F92545}.Live|Mixed Platforms.Build.0 = Live|Any CPU
		{6223AC7A-D150-406A-B3DE-9E9585F92545}.Live|x86.ActiveCfg = Live|Any CPU
		{6223AC7A-D150-406A-B3DE-9E9585F92545}.Release|Any CPU.ActiveCfg = Release|Any CPU
		{6223AC7A-D150-406A-B3DE-9E9585F92545}.Release|Any CPU.Build.0 = Release|Any CPU
		{6223AC7A-D150-406A-B3DE-9E9585F92545}.Release|Mixed Platforms.ActiveCfg = Release|Any CPU
		{6223AC7A-D150-406A-B3DE-9E9585F92545}.Release|Mixed Platforms.Build.0 = Release|Any CPU
		{6223AC7A-D150-406A-B3DE-9E9585F92545}.Release|x86.ActiveCfg = Release|Any CPU
		{0A11B4DC-4426-4DE5-B5CA-F7F24B199DFA}.Debug|Any CPU.ActiveCfg = Debug|Any CPU
		{0A11B4DC-4426-4DE5-B5CA-F7F24B199DFA}.Debug|Any CPU.Build.0 = Debug|Any CPU
		{0A11B4DC-4426-4DE5-B5CA-F7F24B199DFA}.Debug|Mixed Platforms.ActiveCfg = Debug|Any CPU
		{0A11B4DC-4426-4DE5-B5CA-F7F24B199DFA}.Debug|Mixed Platforms.Build.0 = Debug|Any CPU
		{0A11B4DC-4426-4DE5-B5CA-F7F24B199DFA}.Debug|x86.ActiveCfg = Debug|Any CPU
		{0A11B4DC-4426-4DE5-B5CA-F7F24B199DFA}.Live|Any CPU.ActiveCfg = Live|Any CPU
		{0A11B4DC-4426-4DE5-B5CA-F7F24B199DFA}.Live|Any CPU.Build.0 = Live|Any CPU
		{0A11B4DC-4426-4DE5-B5CA-F7F24B199DFA}.Live|Mixed Platforms.ActiveCfg = Live|Any CPU
		{0A11B4DC-4426-4DE5-B5CA-F7F24B199DFA}.Live|Mixed Platforms.Build.0 = Live|Any CPU
		{0A11B4DC-4426-4DE5-B5CA-F7F24B199DFA}.Live|x86.ActiveCfg = Live|Any CPU
		{0A11B4DC-4426-4DE5-B5CA-F7F24B199DFA}.Release|Any CPU.ActiveCfg = Release|Any CPU
		{0A11B4DC-4426-4DE5-B5CA-F7F24B199DFA}.Release|Any CPU.Build.0 = Release|Any CPU
		{0A11B4DC-4426-4DE5-B5CA-F7F24B199DFA}.Release|Mixed Platforms.ActiveCfg = Release|Any CPU
		{0A11B4DC-4426-4DE5-B5CA-F7F24B199DFA}.Release|Mixed Platforms.Build.0 = Release|Any CPU
		{0A11B4DC-4426-4DE5-B5CA-F7F24B199DFA}.Release|x86.ActiveCfg = Release|Any CPU
		{B23D6CDC-CB20-4691-B1C0-C6562EE35402}.Debug|Any CPU.ActiveCfg = Debug|Any CPU
		{B23D6CDC-CB20-4691-B1C0-C6562EE35402}.Debug|Any CPU.Build.0 = Debug|Any CPU
		{B23D6CDC-CB20-4691-B1C0-C6562EE35402}.Debug|Mixed Platforms.ActiveCfg = Debug|Any CPU
		{B23D6CDC-CB20-4691-B1C0-C6562EE35402}.Debug|Mixed Platforms.Build.0 = Debug|Any CPU
		{B23D6CDC-CB20-4691-B1C0-C6562EE35402}.Debug|x86.ActiveCfg = Debug|Any CPU
		{B23D6CDC-CB20-4691-B1C0-C6562EE35402}.Live|Any CPU.ActiveCfg = Live|Any CPU
		{B23D6CDC-CB20-4691-B1C0-C6562EE35402}.Live|Any CPU.Build.0 = Live|Any CPU
		{B23D6CDC-CB20-4691-B1C0-C6562EE35402}.Live|Mixed Platforms.ActiveCfg = Live|Any CPU
		{B23D6CDC-CB20-4691-B1C0-C6562EE35402}.Live|Mixed Platforms.Build.0 = Live|Any CPU
		{B23D6CDC-CB20-4691-B1C0-C6562EE35402}.Live|x86.ActiveCfg = Live|Any CPU
		{B23D6CDC-CB20-4691-B1C0-C6562EE35402}.Release|Any CPU.ActiveCfg = Release|Any CPU
		{B23D6CDC-CB20-4691-B1C0-C6562EE35402}.Release|Any CPU.Build.0 = Release|Any CPU
		{B23D6CDC-CB20-4691-B1C0-C6562EE35402}.Release|Mixed Platforms.ActiveCfg = Release|Any CPU
		{B23D6CDC-CB20-4691-B1C0-C6562EE35402}.Release|Mixed Platforms.Build.0 = Release|Any CPU
		{B23D6CDC-CB20-4691-B1C0-C6562EE35402}.Release|x86.ActiveCfg = Release|Any CPU
		{69C91E19-0C1E-44BE-BA8A-D34582173F9C}.Debug|Any CPU.ActiveCfg = Debug|Any CPU
		{69C91E19-0C1E-44BE-BA8A-D34582173F9C}.Debug|Any CPU.Build.0 = Debug|Any CPU
		{69C91E19-0C1E-44BE-BA8A-D34582173F9C}.Debug|Mixed Platforms.ActiveCfg = Debug|Any CPU
		{69C91E19-0C1E-44BE-BA8A-D34582173F9C}.Debug|Mixed Platforms.Build.0 = Debug|Any CPU
		{69C91E19-0C1E-44BE-BA8A-D34582173F9C}.Debug|x86.ActiveCfg = Debug|Any CPU
		{69C91E19-0C1E-44BE-BA8A-D34582173F9C}.Live|Any CPU.ActiveCfg = Live|Any CPU
		{69C91E19-0C1E-44BE-BA8A-D34582173F9C}.Live|Any CPU.Build.0 = Live|Any CPU
		{69C91E19-0C1E-44BE-BA8A-D34582173F9C}.Live|Mixed Platforms.ActiveCfg = Live|Any CPU
		{69C91E19-0C1E-44BE-BA8A-D34582173F9C}.Live|Mixed Platforms.Build.0 = Live|Any CPU
		{69C91E19-0C1E-44BE-BA8A-D34582173F9C}.Live|x86.ActiveCfg = Live|Any CPU
		{69C91E19-0C1E-44BE-BA8A-D34582173F9C}.Release|Any CPU.ActiveCfg = Release|Any CPU
		{69C91E19-0C1E-44BE-BA8A-D34582173F9C}.Release|Any CPU.Build.0 = Release|Any CPU
		{69C91E19-0C1E-44BE-BA8A-D34582173F9C}.Release|Mixed Platforms.ActiveCfg = Release|Any CPU
		{69C91E19-0C1E-44BE-BA8A-D34582173F9C}.Release|Mixed Platforms.Build.0 = Release|Any CPU
		{69C91E19-0C1E-44BE-BA8A-D34582173F9C}.Release|x86.ActiveCfg = Release|Any CPU
		{3A7EC060-E48F-4E01-9546-F09FA3C27E9C}.Debug|Any CPU.ActiveCfg = Debug|Any CPU
		{3A7EC060-E48F-4E01-9546-F09FA3C27E9C}.Debug|Any CPU.Build.0 = Debug|Any CPU
		{3A7EC060-E48F-4E01-9546-F09FA3C27E9C}.Debug|Mixed Platforms.ActiveCfg = Debug|Any CPU
		{3A7EC060-E48F-4E01-9546-F09FA3C27E9C}.Debug|Mixed Platforms.Build.0 = Debug|Any CPU
		{3A7EC060-E48F-4E01-9546-F09FA3C27E9C}.Debug|x86.ActiveCfg = Debug|Any CPU
		{3A7EC060-E48F-4E01-9546-F09FA3C27E9C}.Live|Any CPU.ActiveCfg = Live|Any CPU
		{3A7EC060-E48F-4E01-9546-F09FA3C27E9C}.Live|Any CPU.Build.0 = Live|Any CPU
		{3A7EC060-E48F-4E01-9546-F09FA3C27E9C}.Live|Mixed Platforms.ActiveCfg = Live|Any CPU
		{3A7EC060-E48F-4E01-9546-F09FA3C27E9C}.Live|Mixed Platforms.Build.0 = Live|Any CPU
		{3A7EC060-E48F-4E01-9546-F09FA3C27E9C}.Live|x86.ActiveCfg = Live|Any CPU
		{3A7EC060-E48F-4E01-9546-F09FA3C27E9C}.Release|Any CPU.ActiveCfg = Release|Any CPU
		{3A7EC060-E48F-4E01-9546-F09FA3C27E9C}.Release|Any CPU.Build.0 = Release|Any CPU
		{3A7EC060-E48F-4E01-9546-F09FA3C27E9C}.Release|Mixed Platforms.ActiveCfg = Release|Any CPU
		{3A7EC060-E48F-4E01-9546-F09FA3C27E9C}.Release|Mixed Platforms.Build.0 = Release|Any CPU
		{3A7EC060-E48F-4E01-9546-F09FA3C27E9C}.Release|x86.ActiveCfg = Release|Any CPU
		{B5785749-D0E0-4766-B612-FDC26EE495C2}.Debug|Any CPU.ActiveCfg = Debug|Any CPU
		{B5785749-D0E0-4766-B612-FDC26EE495C2}.Debug|Any CPU.Build.0 = Debug|Any CPU
		{B5785749-D0E0-4766-B612-FDC26EE495C2}.Debug|Mixed Platforms.ActiveCfg = Debug|Any CPU
		{B5785749-D0E0-4766-B612-FDC26EE495C2}.Debug|Mixed Platforms.Build.0 = Debug|Any CPU
		{B5785749-D0E0-4766-B612-FDC26EE495C2}.Debug|x86.ActiveCfg = Debug|Any CPU
		{B5785749-D0E0-4766-B612-FDC26EE495C2}.Live|Any CPU.ActiveCfg = Release|Any CPU
		{B5785749-D0E0-4766-B612-FDC26EE495C2}.Live|Any CPU.Build.0 = Release|Any CPU
		{B5785749-D0E0-4766-B612-FDC26EE495C2}.Live|Mixed Platforms.ActiveCfg = Release|Any CPU
		{B5785749-D0E0-4766-B612-FDC26EE495C2}.Live|Mixed Platforms.Build.0 = Release|Any CPU
		{B5785749-D0E0-4766-B612-FDC26EE495C2}.Live|x86.ActiveCfg = Release|Any CPU
		{B5785749-D0E0-4766-B612-FDC26EE495C2}.Release|Any CPU.ActiveCfg = Release|Any CPU
		{B5785749-D0E0-4766-B612-FDC26EE495C2}.Release|Any CPU.Build.0 = Release|Any CPU
		{B5785749-D0E0-4766-B612-FDC26EE495C2}.Release|Mixed Platforms.ActiveCfg = Release|Any CPU
		{B5785749-D0E0-4766-B612-FDC26EE495C2}.Release|Mixed Platforms.Build.0 = Release|Any CPU
		{B5785749-D0E0-4766-B612-FDC26EE495C2}.Release|x86.ActiveCfg = Release|Any CPU
		{3D5CEE16-3A85-44C8-890A-E5FA9AE117F6}.Debug|Any CPU.ActiveCfg = Debug|Any CPU
		{3D5CEE16-3A85-44C8-890A-E5FA9AE117F6}.Debug|Any CPU.Build.0 = Debug|Any CPU
		{3D5CEE16-3A85-44C8-890A-E5FA9AE117F6}.Debug|Mixed Platforms.ActiveCfg = Debug|Any CPU
		{3D5CEE16-3A85-44C8-890A-E5FA9AE117F6}.Debug|Mixed Platforms.Build.0 = Debug|Any CPU
		{3D5CEE16-3A85-44C8-890A-E5FA9AE117F6}.Debug|x86.ActiveCfg = Debug|Any CPU
		{3D5CEE16-3A85-44C8-890A-E5FA9AE117F6}.Live|Any CPU.ActiveCfg = Release|Any CPU
		{3D5CEE16-3A85-44C8-890A-E5FA9AE117F6}.Live|Any CPU.Build.0 = Release|Any CPU
		{3D5CEE16-3A85-44C8-890A-E5FA9AE117F6}.Live|Mixed Platforms.ActiveCfg = Release|Any CPU
		{3D5CEE16-3A85-44C8-890A-E5FA9AE117F6}.Live|Mixed Platforms.Build.0 = Release|Any CPU
		{3D5CEE16-3A85-44C8-890A-E5FA9AE117F6}.Live|x86.ActiveCfg = Release|Any CPU
		{3D5CEE16-3A85-44C8-890A-E5FA9AE117F6}.Release|Any CPU.ActiveCfg = Release|Any CPU
		{3D5CEE16-3A85-44C8-890A-E5FA9AE117F6}.Release|Any CPU.Build.0 = Release|Any CPU
		{3D5CEE16-3A85-44C8-890A-E5FA9AE117F6}.Release|Mixed Platforms.ActiveCfg = Release|Any CPU
		{3D5CEE16-3A85-44C8-890A-E5FA9AE117F6}.Release|Mixed Platforms.Build.0 = Release|Any CPU
		{3D5CEE16-3A85-44C8-890A-E5FA9AE117F6}.Release|x86.ActiveCfg = Release|Any CPU
		{6B9434BE-19B7-48C2-B8CA-2711C56D71E9}.Debug|Any CPU.ActiveCfg = Debug|Any CPU
		{6B9434BE-19B7-48C2-B8CA-2711C56D71E9}.Debug|Any CPU.Build.0 = Debug|Any CPU
		{6B9434BE-19B7-48C2-B8CA-2711C56D71E9}.Debug|Mixed Platforms.ActiveCfg = Debug|Any CPU
		{6B9434BE-19B7-48C2-B8CA-2711C56D71E9}.Debug|Mixed Platforms.Build.0 = Debug|Any CPU
		{6B9434BE-19B7-48C2-B8CA-2711C56D71E9}.Debug|x86.ActiveCfg = Debug|Any CPU
		{6B9434BE-19B7-48C2-B8CA-2711C56D71E9}.Live|Any CPU.ActiveCfg = Release|Any CPU
		{6B9434BE-19B7-48C2-B8CA-2711C56D71E9}.Live|Any CPU.Build.0 = Release|Any CPU
		{6B9434BE-19B7-48C2-B8CA-2711C56D71E9}.Live|Mixed Platforms.ActiveCfg = Release|Any CPU
		{6B9434BE-19B7-48C2-B8CA-2711C56D71E9}.Live|Mixed Platforms.Build.0 = Release|Any CPU
		{6B9434BE-19B7-48C2-B8CA-2711C56D71E9}.Live|x86.ActiveCfg = Release|Any CPU
		{6B9434BE-19B7-48C2-B8CA-2711C56D71E9}.Release|Any CPU.ActiveCfg = Release|Any CPU
		{6B9434BE-19B7-48C2-B8CA-2711C56D71E9}.Release|Any CPU.Build.0 = Release|Any CPU
		{6B9434BE-19B7-48C2-B8CA-2711C56D71E9}.Release|Mixed Platforms.ActiveCfg = Release|Any CPU
		{6B9434BE-19B7-48C2-B8CA-2711C56D71E9}.Release|Mixed Platforms.Build.0 = Release|Any CPU
		{6B9434BE-19B7-48C2-B8CA-2711C56D71E9}.Release|x86.ActiveCfg = Release|Any CPU
		{2BD6B082-E293-461F-A1A8-C37FFE822C21}.Debug|Any CPU.ActiveCfg = Debug|Any CPU
		{2BD6B082-E293-461F-A1A8-C37FFE822C21}.Debug|Any CPU.Build.0 = Debug|Any CPU
		{2BD6B082-E293-461F-A1A8-C37FFE822C21}.Debug|Mixed Platforms.ActiveCfg = Debug|Any CPU
		{2BD6B082-E293-461F-A1A8-C37FFE822C21}.Debug|Mixed Platforms.Build.0 = Debug|Any CPU
		{2BD6B082-E293-461F-A1A8-C37FFE822C21}.Debug|x86.ActiveCfg = Debug|Any CPU
		{2BD6B082-E293-461F-A1A8-C37FFE822C21}.Live|Any CPU.ActiveCfg = Release|Any CPU
		{2BD6B082-E293-461F-A1A8-C37FFE822C21}.Live|Any CPU.Build.0 = Release|Any CPU
		{2BD6B082-E293-461F-A1A8-C37FFE822C21}.Live|Mixed Platforms.ActiveCfg = Release|Any CPU
		{2BD6B082-E293-461F-A1A8-C37FFE822C21}.Live|Mixed Platforms.Build.0 = Release|Any CPU
		{2BD6B082-E293-461F-A1A8-C37FFE822C21}.Live|x86.ActiveCfg = Release|Any CPU
		{2BD6B082-E293-461F-A1A8-C37FFE822C21}.Release|Any CPU.ActiveCfg = Release|Any CPU
		{2BD6B082-E293-461F-A1A8-C37FFE822C21}.Release|Any CPU.Build.0 = Release|Any CPU
		{2BD6B082-E293-461F-A1A8-C37FFE822C21}.Release|Mixed Platforms.ActiveCfg = Release|Any CPU
		{2BD6B082-E293-461F-A1A8-C37FFE822C21}.Release|Mixed Platforms.Build.0 = Release|Any CPU
		{2BD6B082-E293-461F-A1A8-C37FFE822C21}.Release|x86.ActiveCfg = Release|Any CPU
	EndGlobalSection
	GlobalSection(SolutionProperties) = preSolution
		HideSolutionNode = FALSE
	EndGlobalSection
EndGlobal
